
Microsoft Visual Studio Solution File, Format Version 12.00
# Visual Studio 15
VisualStudioVersion = 15.0.27703.2042
MinimumVisualStudioVersion = 10.0.40219.1
Project("{FAE04EC0-301F-11D3-BF4B-00C04F79EFBC}") = "CountriesWindowsForms_Api", "CountriesWindowsForms_Api\CountriesWindowsForms_Api.csproj", "{D5645714-0C2D-456B-A1C3-D025F29C2621}"
EndProject
Global
	GlobalSection(SolutionConfigurationPlatforms) = preSolution
		Debug|Any CPU = Debug|Any CPU
		Release|Any CPU = Release|Any CPU
	EndGlobalSection
	GlobalSection(ProjectConfigurationPlatforms) = postSolution
		{D5645714-0C2D-456B-A1C3-D025F29C2621}.Debug|Any CPU.ActiveCfg = Debug|Any CPU
		{D5645714-0C2D-456B-A1C3-D025F29C2621}.Debug|Any CPU.Build.0 = Debug|Any CPU
		{D5645714-0C2D-456B-A1C3-D025F29C2621}.Release|Any CPU.ActiveCfg = Release|Any CPU
		{D5645714-0C2D-456B-A1C3-D025F29C2621}.Release|Any CPU.Build.0 = Release|Any CPU
	EndGlobalSection
	GlobalSection(SolutionProperties) = preSolution
		HideSolutionNode = FALSE
	EndGlobalSection
	GlobalSection(ExtensibilityGlobals) = postSolution
		SolutionGuid = {DF40BA95-615A-4568-B5A6-8BF4BA74090E}
	EndGlobalSection
EndGlobal
