
Microsoft Visual Studio Solution File, Format Version 12.00
# Visual Studio 15
VisualStudioVersion = 15.0.27703.2042
MinimumVisualStudioVersion = 10.0.40219.1
Project("{FAE04EC0-301F-11D3-BF4B-00C04F79EFBC}") = "00_DAL", "00_DAL\00_DAL.csproj", "{A82DCF71-D4E5-4EF3-A17E-9D960AF9633B}"
EndProject
Project("{FAE04EC0-301F-11D3-BF4B-00C04F79EFBC}") = "02_BLL", "02_BLL\02_BLL.csproj", "{41CFE794-A3A4-4F8E-9F8C-C41E4D155204}"
EndProject
Project("{FAE04EC0-301F-11D3-BF4B-00C04F79EFBC}") = "01_BOL", "01_BOL\01_BOL.csproj", "{6EA63B83-BD06-429E-86FF-F7E21535A9B1}"
EndProject
Project("{FAE04EC0-301F-11D3-BF4B-00C04F79EFBC}") = "03_uil", "03_uil\03_uil.csproj", "{0F457B00-2AE1-4D06-BA21-7979A6163144}"
EndProject
Global
	GlobalSection(SolutionConfigurationPlatforms) = preSolution
		Debug|Any CPU = Debug|Any CPU
		Release|Any CPU = Release|Any CPU
	EndGlobalSection
	GlobalSection(ProjectConfigurationPlatforms) = postSolution
		{A82DCF71-D4E5-4EF3-A17E-9D960AF9633B}.Debug|Any CPU.ActiveCfg = Debug|Any CPU
		{A82DCF71-D4E5-4EF3-A17E-9D960AF9633B}.Debug|Any CPU.Build.0 = Debug|Any CPU
		{A82DCF71-D4E5-4EF3-A17E-9D960AF9633B}.Release|Any CPU.ActiveCfg = Release|Any CPU
		{A82DCF71-D4E5-4EF3-A17E-9D960AF9633B}.Release|Any CPU.Build.0 = Release|Any CPU
		{41CFE794-A3A4-4F8E-9F8C-C41E4D155204}.Debug|Any CPU.ActiveCfg = Debug|Any CPU
		{41CFE794-A3A4-4F8E-9F8C-C41E4D155204}.Debug|Any CPU.Build.0 = Debug|Any CPU
		{41CFE794-A3A4-4F8E-9F8C-C41E4D155204}.Release|Any CPU.ActiveCfg = Release|Any CPU
		{41CFE794-A3A4-4F8E-9F8C-C41E4D155204}.Release|Any CPU.Build.0 = Release|Any CPU
		{6EA63B83-BD06-429E-86FF-F7E21535A9B1}.Debug|Any CPU.ActiveCfg = Debug|Any CPU
		{6EA63B83-BD06-429E-86FF-F7E21535A9B1}.Debug|Any CPU.Build.0 = Debug|Any CPU
		{6EA63B83-BD06-429E-86FF-F7E21535A9B1}.Release|Any CPU.ActiveCfg = Release|Any CPU
		{6EA63B83-BD06-429E-86FF-F7E21535A9B1}.Release|Any CPU.Build.0 = Release|Any CPU
		{0F457B00-2AE1-4D06-BA21-7979A6163144}.Debug|Any CPU.ActiveCfg = Debug|Any CPU
		{0F457B00-2AE1-4D06-BA21-7979A6163144}.Debug|Any CPU.Build.0 = Debug|Any CPU
		{0F457B00-2AE1-4D06-BA21-7979A6163144}.Release|Any CPU.ActiveCfg = Release|Any CPU
		{0F457B00-2AE1-4D06-BA21-7979A6163144}.Release|Any CPU.Build.0 = Release|Any CPU
	EndGlobalSection
	GlobalSection(SolutionProperties) = preSolution
		HideSolutionNode = FALSE
	EndGlobalSection
	GlobalSection(ExtensibilityGlobals) = postSolution
		SolutionGuid = {4BA31CA0-4139-48B9-AB3C-B9B0A757530F}
	EndGlobalSection
EndGlobal
